
Microsoft Visual Studio Solution File, Format Version 12.00
# Visual Studio Version 17
VisualStudioVersion = 17.4.33213.308
MinimumVisualStudioVersion = 10.0.40219.1
Project("{FAE04EC0-301F-11D3-BF4B-00C04F79EFBC}") = "Fibonacci", "Fibonacci.csproj", "{7EDB2B9E-5BA0-4291-9679-3A015A5C127A}"
EndProject
Global
	GlobalSection(SolutionConfigurationPlatforms) = preSolution
		Debug|Any CPU = Debug|Any CPU
		Release|Any CPU = Release|Any CPU
	EndGlobalSection
	GlobalSection(ProjectConfigurationPlatforms) = postSolution
		{7EDB2B9E-5BA0-4291-9679-3A015A5C127A}.Debug|Any CPU.ActiveCfg = Debug|Any CPU
		{7EDB2B9E-5BA0-4291-9679-3A015A5C127A}.Debug|Any CPU.Build.0 = Debug|Any CPU
		{7EDB2B9E-5BA0-4291-9679-3A015A5C127A}.Release|Any CPU.ActiveCfg = Release|Any CPU
		{7EDB2B9E-5BA0-4291-9679-3A015A5C127A}.Release|Any CPU.Build.0 = Release|Any CPU
	EndGlobalSection
	GlobalSection(SolutionProperties) = preSolution
		HideSolutionNode = FALSE
	EndGlobalSection
	GlobalSection(ExtensibilityGlobals) = postSolution
		SolutionGuid = {86672E42-8CDC-489F-A708-FEF1B6852ECD}
	EndGlobalSection
EndGlobal
